// !$*UTF8*$!
{
	archiveVersion = 1;
	classes = {
	};
	objectVersion = 46;
	objects = {

/* Begin PBXBuildFile section */
		4CC2D5A62EE1E24B49DB6D9E /* Pods_PrettyDate.framework in Frameworks */ = {isa = PBXBuildFile; fileRef = 4B37B1183F8A82AF0C5A253C /* Pods_PrettyDate.framework */; };
		7A15D5E81DC9265B007C8CC8 /* AppDelegate.swift in Sources */ = {isa = PBXBuildFile; fileRef = 7A15D5E71DC9265B007C8CC8 /* AppDelegate.swift */; };
		7A15D5EA1DC9265B007C8CC8 /* ViewController.swift in Sources */ = {isa = PBXBuildFile; fileRef = 7A15D5E91DC9265B007C8CC8 /* ViewController.swift */; };
		7A15D5ED1DC9265B007C8CC8 /* Main.storyboard in Resources */ = {isa = PBXBuildFile; fileRef = 7A15D5EB1DC9265B007C8CC8 /* Main.storyboard */; };
		7A15D5EF1DC9265B007C8CC8 /* Assets.xcassets in Resources */ = {isa = PBXBuildFile; fileRef = 7A15D5EE1DC9265B007C8CC8 /* Assets.xcassets */; };
		7A15D5F21DC9265B007C8CC8 /* LaunchScreen.storyboard in Resources */ = {isa = PBXBuildFile; fileRef = 7A15D5F01DC9265B007C8CC8 /* LaunchScreen.storyboard */; };
		7A15D5FA1DC92672007C8CC8 /* Date_Prettify.swift in Sources */ = {isa = PBXBuildFile; fileRef = 7A15D5F91DC92672007C8CC8 /* Date_Prettify.swift */; };
		7A15D6051DC92703007C8CC8 /* PrettyDateTests.swift in Sources */ = {isa = PBXBuildFile; fileRef = 7A15D6041DC92703007C8CC8 /* PrettyDateTests.swift */; };
		7AF3AB771DCBEC510059D6A9 /* Localizable.strings in Resources */ = {isa = PBXBuildFile; fileRef = 7AF3AB791DCBEC510059D6A9 /* Localizable.strings */; };
		CB0A513093B4A7EABB814E6F /* Pods_PrettyDateTests.framework in Frameworks */ = {isa = PBXBuildFile; fileRef = BC360995F74C17B85A04499D /* Pods_PrettyDateTests.framework */; };
/* End PBXBuildFile section */

/* Begin PBXContainerItemProxy section */
		7A15D6071DC92703007C8CC8 /* PBXContainerItemProxy */ = {
			isa = PBXContainerItemProxy;
			containerPortal = 7A15D5DC1DC9265B007C8CC8 /* Project object */;
			proxyType = 1;
			remoteGlobalIDString = 7A15D5E31DC9265B007C8CC8;
			remoteInfo = PrettyDate;
		};
/* End PBXContainerItemProxy section */

/* Begin PBXFileReference section */
		027396FC14C3AC782FE9EC15 /* Pods-PrettyDateTests.release.xcconfig */ = {isa = PBXFileReference; includeInIndex = 1; lastKnownFileType = text.xcconfig; name = "Pods-PrettyDateTests.release.xcconfig"; path = "Pods/Target Support Files/Pods-PrettyDateTests/Pods-PrettyDateTests.release.xcconfig"; sourceTree = "<group>"; };
		3CBD32ECB85EF2EDA8DE0386 /* Pods-PrettyDateTests.debug.xcconfig */ = {isa = PBXFileReference; includeInIndex = 1; lastKnownFileType = text.xcconfig; name = "Pods-PrettyDateTests.debug.xcconfig"; path = "Pods/Target Support Files/Pods-PrettyDateTests/Pods-PrettyDateTests.debug.xcconfig"; sourceTree = "<group>"; };
		4B37B1183F8A82AF0C5A253C /* Pods_PrettyDate.framework */ = {isa = PBXFileReference; explicitFileType = wrapper.framework; includeInIndex = 0; path = Pods_PrettyDate.framework; sourceTree = BUILT_PRODUCTS_DIR; };
		51953B56D94F4BF21214FCDF /* Pods-PrettyDate.debug.xcconfig */ = {isa = PBXFileReference; includeInIndex = 1; lastKnownFileType = text.xcconfig; name = "Pods-PrettyDate.debug.xcconfig"; path = "Pods/Target Support Files/Pods-PrettyDate/Pods-PrettyDate.debug.xcconfig"; sourceTree = "<group>"; };
		7A15D5E41DC9265B007C8CC8 /* PrettyDate.app */ = {isa = PBXFileReference; explicitFileType = wrapper.application; includeInIndex = 0; path = PrettyDate.app; sourceTree = BUILT_PRODUCTS_DIR; };
		7A15D5E71DC9265B007C8CC8 /* AppDelegate.swift */ = {isa = PBXFileReference; lastKnownFileType = sourcecode.swift; path = AppDelegate.swift; sourceTree = "<group>"; };
		7A15D5E91DC9265B007C8CC8 /* ViewController.swift */ = {isa = PBXFileReference; lastKnownFileType = sourcecode.swift; path = ViewController.swift; sourceTree = "<group>"; };
		7A15D5EC1DC9265B007C8CC8 /* Base */ = {isa = PBXFileReference; lastKnownFileType = file.storyboard; name = Base; path = Base.lproj/Main.storyboard; sourceTree = "<group>"; };
		7A15D5EE1DC9265B007C8CC8 /* Assets.xcassets */ = {isa = PBXFileReference; lastKnownFileType = folder.assetcatalog; path = Assets.xcassets; sourceTree = "<group>"; };
		7A15D5F11DC9265B007C8CC8 /* Base */ = {isa = PBXFileReference; lastKnownFileType = file.storyboard; name = Base; path = Base.lproj/LaunchScreen.storyboard; sourceTree = "<group>"; };
		7A15D5F31DC9265B007C8CC8 /* Info.plist */ = {isa = PBXFileReference; lastKnownFileType = text.plist.xml; path = Info.plist; sourceTree = "<group>"; };
		7A15D5F91DC92672007C8CC8 /* Date_Prettify.swift */ = {isa = PBXFileReference; fileEncoding = 4; lastKnownFileType = sourcecode.swift; path = Date_Prettify.swift; sourceTree = "<group>"; };
		7A15D6021DC92703007C8CC8 /* PrettyDateTests.xctest */ = {isa = PBXFileReference; explicitFileType = wrapper.cfbundle; includeInIndex = 0; path = PrettyDateTests.xctest; sourceTree = BUILT_PRODUCTS_DIR; };
		7A15D6041DC92703007C8CC8 /* PrettyDateTests.swift */ = {isa = PBXFileReference; lastKnownFileType = sourcecode.swift; path = PrettyDateTests.swift; sourceTree = "<group>"; };
		7A15D6061DC92703007C8CC8 /* Info.plist */ = {isa = PBXFileReference; lastKnownFileType = text.plist.xml; path = Info.plist; sourceTree = "<group>"; };
		7AF3AB781DCBEC510059D6A9 /* Base */ = {isa = PBXFileReference; lastKnownFileType = text.plist.strings; name = Base; path = Base.lproj/Localizable.strings; sourceTree = "<group>"; };
		BC360995F74C17B85A04499D /* Pods_PrettyDateTests.framework */ = {isa = PBXFileReference; explicitFileType = wrapper.framework; includeInIndex = 0; path = Pods_PrettyDateTests.framework; sourceTree = BUILT_PRODUCTS_DIR; };
		EE61E2762B3147DFA32E3EF3 /* Pods-PrettyDate.release.xcconfig */ = {isa = PBXFileReference; includeInIndex = 1; lastKnownFileType = text.xcconfig; name = "Pods-PrettyDate.release.xcconfig"; path = "Pods/Target Support Files/Pods-PrettyDate/Pods-PrettyDate.release.xcconfig"; sourceTree = "<group>"; };
/* End PBXFileReference section */

/* Begin PBXFrameworksBuildPhase section */
		7A15D5E11DC9265B007C8CC8 /* Frameworks */ = {
			isa = PBXFrameworksBuildPhase;
			buildActionMask = 2147483647;
			files = (
				4CC2D5A62EE1E24B49DB6D9E /* Pods_PrettyDate.framework in Frameworks */,
			);
			runOnlyForDeploymentPostprocessing = 0;
		};
		7A15D5FF1DC92703007C8CC8 /* Frameworks */ = {
			isa = PBXFrameworksBuildPhase;
			buildActionMask = 2147483647;
			files = (
				CB0A513093B4A7EABB814E6F /* Pods_PrettyDateTests.framework in Frameworks */,
			);
			runOnlyForDeploymentPostprocessing = 0;
		};
/* End PBXFrameworksBuildPhase section */

/* Begin PBXGroup section */
		4B3B712FBA5D5F8063B454F7 /* Frameworks */ = {
			isa = PBXGroup;
			children = (
				4B37B1183F8A82AF0C5A253C /* Pods_PrettyDate.framework */,
				BC360995F74C17B85A04499D /* Pods_PrettyDateTests.framework */,
			);
			name = Frameworks;
			sourceTree = "<group>";
		};
		775458A7929901000838B564 /* Pods */ = {
			isa = PBXGroup;
			children = (
				51953B56D94F4BF21214FCDF /* Pods-PrettyDate.debug.xcconfig */,
				EE61E2762B3147DFA32E3EF3 /* Pods-PrettyDate.release.xcconfig */,
				3CBD32ECB85EF2EDA8DE0386 /* Pods-PrettyDateTests.debug.xcconfig */,
				027396FC14C3AC782FE9EC15 /* Pods-PrettyDateTests.release.xcconfig */,
			);
			name = Pods;
			sourceTree = "<group>";
		};
		7A15D5DB1DC9265B007C8CC8 = {
			isa = PBXGroup;
			children = (
				7A15D5E61DC9265B007C8CC8 /* PrettyDate */,
				7A15D6031DC92703007C8CC8 /* PrettyDateTests */,
				7A15D5E51DC9265B007C8CC8 /* Products */,
				775458A7929901000838B564 /* Pods */,
				4B3B712FBA5D5F8063B454F7 /* Frameworks */,
			);
			sourceTree = "<group>";
		};
		7A15D5E51DC9265B007C8CC8 /* Products */ = {
			isa = PBXGroup;
			children = (
				7A15D5E41DC9265B007C8CC8 /* PrettyDate.app */,
				7A15D6021DC92703007C8CC8 /* PrettyDateTests.xctest */,
			);
			name = Products;
			sourceTree = "<group>";
		};
		7A15D5E61DC9265B007C8CC8 /* PrettyDate */ = {
			isa = PBXGroup;
			children = (
				7A15D5E71DC9265B007C8CC8 /* AppDelegate.swift */,
				7A15D5E91DC9265B007C8CC8 /* ViewController.swift */,
				7A15D5EB1DC9265B007C8CC8 /* Main.storyboard */,
				7A15D5EE1DC9265B007C8CC8 /* Assets.xcassets */,
				7A15D5F01DC9265B007C8CC8 /* LaunchScreen.storyboard */,
				7A15D5F31DC9265B007C8CC8 /* Info.plist */,
				7A15D5F91DC92672007C8CC8 /* Date_Prettify.swift */,
				7AF3AB791DCBEC510059D6A9 /* Localizable.strings */,
			);
			path = PrettyDate;
			sourceTree = "<group>";
		};
		7A15D6031DC92703007C8CC8 /* PrettyDateTests */ = {
			isa = PBXGroup;
			children = (
				7A15D6041DC92703007C8CC8 /* PrettyDateTests.swift */,
				7A15D6061DC92703007C8CC8 /* Info.plist */,
			);
			path = PrettyDateTests;
			sourceTree = "<group>";
		};
/* End PBXGroup section */

/* Begin PBXNativeTarget section */
		7A15D5E31DC9265B007C8CC8 /* PrettyDate */ = {
			isa = PBXNativeTarget;
			buildConfigurationList = 7A15D5F61DC9265B007C8CC8 /* Build configuration list for PBXNativeTarget "PrettyDate" */;
			buildPhases = (
				447F03738BBCCAC838408873 /* [CP] Check Pods Manifest.lock */,
				7A15D5E01DC9265B007C8CC8 /* Sources */,
				7A15D5E11DC9265B007C8CC8 /* Frameworks */,
				7A15D5E21DC9265B007C8CC8 /* Resources */,
				CD73D4EC396E6F9F8A2EE9C8 /* [CP] Embed Pods Frameworks */,
				267EEAAC5017CC9447F46DFC /* [CP] Copy Pods Resources */,
				7A0F34721DD11A0F00F00F52 /* ShellScript */,
			);
			buildRules = (
			);
			dependencies = (
			);
			name = PrettyDate;
			productName = PrettyDate;
			productReference = 7A15D5E41DC9265B007C8CC8 /* PrettyDate.app */;
			productType = "com.apple.product-type.application";
		};
		7A15D6011DC92703007C8CC8 /* PrettyDateTests */ = {
			isa = PBXNativeTarget;
			buildConfigurationList = 7A15D6091DC92703007C8CC8 /* Build configuration list for PBXNativeTarget "PrettyDateTests" */;
			buildPhases = (
				5C349ED8A4B81E047703015E /* [CP] Check Pods Manifest.lock */,
				7A15D5FE1DC92703007C8CC8 /* Sources */,
				7A15D5FF1DC92703007C8CC8 /* Frameworks */,
				7A15D6001DC92703007C8CC8 /* Resources */,
				A390724359E76316E6BE0117 /* [CP] Embed Pods Frameworks */,
				9B23A9762F312489DAF30501 /* [CP] Copy Pods Resources */,
			);
			buildRules = (
			);
			dependencies = (
				7A15D6081DC92703007C8CC8 /* PBXTargetDependency */,
			);
			name = PrettyDateTests;
			productName = PrettyDateTests;
			productReference = 7A15D6021DC92703007C8CC8 /* PrettyDateTests.xctest */;
			productType = "com.apple.product-type.bundle.unit-test";
		};
/* End PBXNativeTarget section */

/* Begin PBXProject section */
		7A15D5DC1DC9265B007C8CC8 /* Project object */ = {
			isa = PBXProject;
			attributes = {
				LastSwiftUpdateCheck = 0800;
				LastUpgradeCheck = 0800;
				ORGANIZATIONNAME = "John, Melvin (Associate Software Developer)";
				TargetAttributes = {
					7A15D5E31DC9265B007C8CC8 = {
						CreatedOnToolsVersion = 8.0;
						ProvisioningStyle = Automatic;
					};
					7A15D6011DC92703007C8CC8 = {
						CreatedOnToolsVersion = 8.0;
						ProvisioningStyle = Automatic;
						TestTargetID = 7A15D5E31DC9265B007C8CC8;
					};
				};
			};
			buildConfigurationList = 7A15D5DF1DC9265B007C8CC8 /* Build configuration list for PBXProject "PrettyDate" */;
			compatibilityVersion = "Xcode 3.2";
			developmentRegion = English;
			hasScannedForEncodings = 0;
			knownRegions = (
				en,
				Base,
			);
			mainGroup = 7A15D5DB1DC9265B007C8CC8;
			productRefGroup = 7A15D5E51DC9265B007C8CC8 /* Products */;
			projectDirPath = "";
			projectRoot = "";
			targets = (
				7A15D5E31DC9265B007C8CC8 /* PrettyDate */,
				7A15D6011DC92703007C8CC8 /* PrettyDateTests */,
			);
		};
/* End PBXProject section */

/* Begin PBXResourcesBuildPhase section */
		7A15D5E21DC9265B007C8CC8 /* Resources */ = {
			isa = PBXResourcesBuildPhase;
			buildActionMask = 2147483647;
			files = (
				7A15D5F21DC9265B007C8CC8 /* LaunchScreen.storyboard in Resources */,
				7AF3AB771DCBEC510059D6A9 /* Localizable.strings in Resources */,
				7A15D5EF1DC9265B007C8CC8 /* Assets.xcassets in Resources */,
				7A15D5ED1DC9265B007C8CC8 /* Main.storyboard in Resources */,
			);
			runOnlyForDeploymentPostprocessing = 0;
		};
		7A15D6001DC92703007C8CC8 /* Resources */ = {
			isa = PBXResourcesBuildPhase;
			buildActionMask = 2147483647;
			files = (
			);
			runOnlyForDeploymentPostprocessing = 0;
		};
/* End PBXResourcesBuildPhase section */

/* Begin PBXShellScriptBuildPhase section */
		267EEAAC5017CC9447F46DFC /* [CP] Copy Pods Resources */ = {
			isa = PBXShellScriptBuildPhase;
			buildActionMask = 2147483647;
			files = (
			);
			inputPaths = (
			);
			name = "[CP] Copy Pods Resources";
			outputPaths = (
			);
			runOnlyForDeploymentPostprocessing = 0;
			shellPath = /bin/sh;
			shellScript = "\"${SRCROOT}/Pods/Target Support Files/Pods-PrettyDate/Pods-PrettyDate-resources.sh\"\n";
			showEnvVarsInLog = 0;
		};
		447F03738BBCCAC838408873 /* [CP] Check Pods Manifest.lock */ = {
			isa = PBXShellScriptBuildPhase;
			buildActionMask = 2147483647;
			files = (
			);
			inputPaths = (
			);
			name = "[CP] Check Pods Manifest.lock";
			outputPaths = (
			);
			runOnlyForDeploymentPostprocessing = 0;
			shellPath = /bin/sh;
			shellScript = "diff \"${PODS_ROOT}/../Podfile.lock\" \"${PODS_ROOT}/Manifest.lock\" > /dev/null\nif [[ $? != 0 ]] ; then\n    cat << EOM\nerror: The sandbox is not in sync with the Podfile.lock. Run 'pod install' or update your CocoaPods installation.\nEOM\n    exit 1\nfi\n";
			showEnvVarsInLog = 0;
		};
		5C349ED8A4B81E047703015E /* [CP] Check Pods Manifest.lock */ = {
			isa = PBXShellScriptBuildPhase;
			buildActionMask = 2147483647;
			files = (
			);
			inputPaths = (
			);
			name = "[CP] Check Pods Manifest.lock";
			outputPaths = (
			);
			runOnlyForDeploymentPostprocessing = 0;
			shellPath = /bin/sh;
			shellScript = "diff \"${PODS_ROOT}/../Podfile.lock\" \"${PODS_ROOT}/Manifest.lock\" > /dev/null\nif [[ $? != 0 ]] ; then\n    cat << EOM\nerror: The sandbox is not in sync with the Podfile.lock. Run 'pod install' or update your CocoaPods installation.\nEOM\n    exit 1\nfi\n";
			showEnvVarsInLog = 0;
		};
		7A0F34721DD11A0F00F00F52 /* ShellScript */ = {
			isa = PBXShellScriptBuildPhase;
			buildActionMask = 2147483647;
			files = (
			);
			inputPaths = (
			);
			outputPaths = (
			);
			runOnlyForDeploymentPostprocessing = 0;
			shellPath = /bin/sh;
			shellScript = "if which swiftlint >/dev/null; then\nswiftlint\nelse\necho \"warning: SwiftLint not installed, download from https://github.com/realm/SwiftLint\"\nfi";
		};
		9B23A9762F312489DAF30501 /* [CP] Copy Pods Resources */ = {
			isa = PBXShellScriptBuildPhase;
			buildActionMask = 2147483647;
			files = (
			);
			inputPaths = (
			);
			name = "[CP] Copy Pods Resources";
			outputPaths = (
			);
			runOnlyForDeploymentPostprocessing = 0;
			shellPath = /bin/sh;
			shellScript = "\"${SRCROOT}/Pods/Target Support Files/Pods-PrettyDateTests/Pods-PrettyDateTests-resources.sh\"\n";
			showEnvVarsInLog = 0;
		};
		A390724359E76316E6BE0117 /* [CP] Embed Pods Frameworks */ = {
			isa = PBXShellScriptBuildPhase;
			buildActionMask = 2147483647;
			files = (
			);
			inputPaths = (
			);
			name = "[CP] Embed Pods Frameworks";
			outputPaths = (
			);
			runOnlyForDeploymentPostprocessing = 0;
			shellPath = /bin/sh;
			shellScript = "\"${SRCROOT}/Pods/Target Support Files/Pods-PrettyDateTests/Pods-PrettyDateTests-frameworks.sh\"\n";
			showEnvVarsInLog = 0;
		};
		CD73D4EC396E6F9F8A2EE9C8 /* [CP] Embed Pods Frameworks */ = {
			isa = PBXShellScriptBuildPhase;
			buildActionMask = 2147483647;
			files = (
			);
			inputPaths = (
			);
			name = "[CP] Embed Pods Frameworks";
			outputPaths = (
			);
			runOnlyForDeploymentPostprocessing = 0;
			shellPath = /bin/sh;
			shellScript = "\"${SRCROOT}/Pods/Target Support Files/Pods-PrettyDate/Pods-PrettyDate-frameworks.sh\"\n";
			showEnvVarsInLog = 0;
		};
/* End PBXShellScriptBuildPhase section */

/* Begin PBXSourcesBuildPhase section */
		7A15D5E01DC9265B007C8CC8 /* Sources */ = {
			isa = PBXSourcesBuildPhase;
			buildActionMask = 2147483647;
			files = (
				7A15D5EA1DC9265B007C8CC8 /* ViewController.swift in Sources */,
				7A15D5E81DC9265B007C8CC8 /* AppDelegate.swift in Sources */,
				7A15D5FA1DC92672007C8CC8 /* Date_Prettify.swift in Sources */,
			);
			runOnlyForDeploymentPostprocessing = 0;
		};
		7A15D5FE1DC92703007C8CC8 /* Sources */ = {
			isa = PBXSourcesBuildPhase;
			buildActionMask = 2147483647;
			files = (
				7A15D6051DC92703007C8CC8 /* PrettyDateTests.swift in Sources */,
			);
			runOnlyForDeploymentPostprocessing = 0;
		};
/* End PBXSourcesBuildPhase section */

/* Begin PBXTargetDependency section */
		7A15D6081DC92703007C8CC8 /* PBXTargetDependency */ = {
			isa = PBXTargetDependency;
			target = 7A15D5E31DC9265B007C8CC8 /* PrettyDate */;
			targetProxy = 7A15D6071DC92703007C8CC8 /* PBXContainerItemProxy */;
		};
/* End PBXTargetDependency section */

/* Begin PBXVariantGroup section */
		7A15D5EB1DC9265B007C8CC8 /* Main.storyboard */ = {
			isa = PBXVariantGroup;
			children = (
				7A15D5EC1DC9265B007C8CC8 /* Base */,
			);
			name = Main.storyboard;
			sourceTree = "<group>";
		};
		7A15D5F01DC9265B007C8CC8 /* LaunchScreen.storyboard */ = {
			isa = PBXVariantGroup;
			children = (
				7A15D5F11DC9265B007C8CC8 /* Base */,
			);
			name = LaunchScreen.storyboard;
			sourceTree = "<group>";
		};
		7AF3AB791DCBEC510059D6A9 /* Localizable.strings */ = {
			isa = PBXVariantGroup;
			children = (
				7AF3AB781DCBEC510059D6A9 /* Base */,
			);
			name = Localizable.strings;
			sourceTree = "<group>";
		};
/* End PBXVariantGroup section */

/* Begin XCBuildConfiguration section */
		7A15D5F41DC9265B007C8CC8 /* Debug */ = {
			isa = XCBuildConfiguration;
			buildSettings = {
				ALWAYS_SEARCH_USER_PATHS = NO;
				CLANG_ANALYZER_NONNULL = YES;
				CLANG_CXX_LANGUAGE_STANDARD = "gnu++0x";
				CLANG_CXX_LIBRARY = "libc++";
				CLANG_ENABLE_MODULES = YES;
				CLANG_ENABLE_OBJC_ARC = YES;
				CLANG_WARN_BOOL_CONVERSION = YES;
				CLANG_WARN_CONSTANT_CONVERSION = YES;
				CLANG_WARN_DIRECT_OBJC_ISA_USAGE = YES_ERROR;
				CLANG_WARN_DOCUMENTATION_COMMENTS = YES;
				CLANG_WARN_EMPTY_BODY = YES;
				CLANG_WARN_ENUM_CONVERSION = YES;
				CLANG_WARN_INFINITE_RECURSION = YES;
				CLANG_WARN_INT_CONVERSION = YES;
				CLANG_WARN_OBJC_ROOT_CLASS = YES_ERROR;
				CLANG_WARN_SUSPICIOUS_MOVES = YES;
				CLANG_WARN_UNREACHABLE_CODE = YES;
				CLANG_WARN__DUPLICATE_METHOD_MATCH = YES;
				"CODE_SIGN_IDENTITY[sdk=iphoneos*]" = "iPhone Developer";
				COPY_PHASE_STRIP = NO;
				DEBUG_INFORMATION_FORMAT = dwarf;
				ENABLE_STRICT_OBJC_MSGSEND = YES;
				ENABLE_TESTABILITY = YES;
				GCC_C_LANGUAGE_STANDARD = gnu99;
				GCC_DYNAMIC_NO_PIC = NO;
				GCC_NO_COMMON_BLOCKS = YES;
				GCC_OPTIMIZATION_LEVEL = 0;
				GCC_PREPROCESSOR_DEFINITIONS = (
					"DEBUG=1",
					"$(inherited)",
				);
				GCC_WARN_64_TO_32_BIT_CONVERSION = YES;
				GCC_WARN_ABOUT_RETURN_TYPE = YES_ERROR;
				GCC_WARN_UNDECLARED_SELECTOR = YES;
				GCC_WARN_UNINITIALIZED_AUTOS = YES_AGGRESSIVE;
				GCC_WARN_UNUSED_FUNCTION = YES;
				GCC_WARN_UNUSED_VARIABLE = YES;
				IPHONEOS_DEPLOYMENT_TARGET = 10.0;
				MTL_ENABLE_DEBUG_INFO = YES;
				ONLY_ACTIVE_ARCH = YES;
				SDKROOT = iphoneos;
				SWIFT_ACTIVE_COMPILATION_CONDITIONS = DEBUG;
				SWIFT_OPTIMIZATION_LEVEL = "-Onone";
			};
			name = Debug;
		};
		7A15D5F51DC9265B007C8CC8 /* Release */ = {
			isa = XCBuildConfiguration;
			buildSettings = {
				ALWAYS_SEARCH_USER_PATHS = NO;
				CLANG_ANALYZER_NONNULL = YES;
				CLANG_CXX_LANGUAGE_STANDARD = "gnu++0x";
				CLANG_CXX_LIBRARY = "libc++";
				CLANG_ENABLE_MODULES = YES;
				CLANG_ENABLE_OBJC_ARC = YES;
				CLANG_WARN_BOOL_CONVERSION = YES;
				CLANG_WARN_CONSTANT_CONVERSION = YES;
				CLANG_WARN_DIRECT_OBJC_ISA_USAGE = YES_ERROR;
				CLANG_WARN_DOCUMENTATION_COMMENTS = YES;
				CLANG_WARN_EMPTY_BODY = YES;
				CLANG_WARN_ENUM_CONVERSION = YES;
				CLANG_WARN_INFINITE_RECURSION = YES;
				CLANG_WARN_INT_CONVERSION = YES;
				CLANG_WARN_OBJC_ROOT_CLASS = YES_ERROR;
				CLANG_WARN_SUSPICIOUS_MOVES = YES;
				CLANG_WARN_UNREACHABLE_CODE = YES;
				CLANG_WARN__DUPLICATE_METHOD_MATCH = YES;
				"CODE_SIGN_IDENTITY[sdk=iphoneos*]" = "iPhone Developer";
				COPY_PHASE_STRIP = NO;
				DEBUG_INFORMATION_FORMAT = "dwarf-with-dsym";
				ENABLE_NS_ASSERTIONS = NO;
				ENABLE_STRICT_OBJC_MSGSEND = YES;
				GCC_C_LANGUAGE_STANDARD = gnu99;
				GCC_NO_COMMON_BLOCKS = YES;
				GCC_WARN_64_TO_32_BIT_CONVERSION = YES;
				GCC_WARN_ABOUT_RETURN_TYPE = YES_ERROR;
				GCC_WARN_UNDECLARED_SELECTOR = YES;
				GCC_WARN_UNINITIALIZED_AUTOS = YES_AGGRESSIVE;
				GCC_WARN_UNUSED_FUNCTION = YES;
				GCC_WARN_UNUSED_VARIABLE = YES;
				IPHONEOS_DEPLOYMENT_TARGET = 10.0;
				MTL_ENABLE_DEBUG_INFO = NO;
				SDKROOT = iphoneos;
				SWIFT_OPTIMIZATION_LEVEL = "-Owholemodule";
				VALIDATE_PRODUCT = YES;
			};
			name = Release;
		};
		7A15D5F71DC9265B007C8CC8 /* Debug */ = {
			isa = XCBuildConfiguration;
			baseConfigurationReference = 51953B56D94F4BF21214FCDF /* Pods-PrettyDate.debug.xcconfig */;
			buildSettings = {
				ASSETCATALOG_COMPILER_APPICON_NAME = AppIcon;
				INFOPLIST_FILE = PrettyDate/Info.plist;
				LD_RUNPATH_SEARCH_PATHS = "$(inherited) @executable_path/Frameworks";
				PRODUCT_BUNDLE_IDENTIFIER = com.sky.PrettyDate;
				PRODUCT_NAME = "$(TARGET_NAME)";
				SWIFT_VERSION = 3.0;
			};
			name = Debug;
		};
		7A15D5F81DC9265B007C8CC8 /* Release */ = {
			isa = XCBuildConfiguration;
			baseConfigurationReference = EE61E2762B3147DFA32E3EF3 /* Pods-PrettyDate.release.xcconfig */;
			buildSettings = {
				ASSETCATALOG_COMPILER_APPICON_NAME = AppIcon;
				INFOPLIST_FILE = PrettyDate/Info.plist;
				LD_RUNPATH_SEARCH_PATHS = "$(inherited) @executable_path/Frameworks";
				PRODUCT_BUNDLE_IDENTIFIER = com.sky.PrettyDate;
				PRODUCT_NAME = "$(TARGET_NAME)";
				SWIFT_VERSION = 3.0;
			};
			name = Release;
		};
		7A15D60A1DC92703007C8CC8 /* Debug */ = {
			isa = XCBuildConfiguration;
			baseConfigurationReference = 3CBD32ECB85EF2EDA8DE0386 /* Pods-PrettyDateTests.debug.xcconfig */;
			buildSettings = {
				BUNDLE_LOADER = "$(TEST_HOST)";
				INFOPLIST_FILE = PrettyDateTests/Info.plist;
				LD_RUNPATH_SEARCH_PATHS = "$(inherited) @executable_path/Frameworks @loader_path/Frameworks";
				PRODUCT_BUNDLE_IDENTIFIER = com.sky.PrettyDateTests;
				PRODUCT_NAME = "$(TARGET_NAME)";
				SWIFT_VERSION = 3.0;
				TEST_HOST = "$(BUILT_PRODUCTS_DIR)/PrettyDate.app/PrettyDate";
			};
			name = Debug;
		};
		7A15D60B1DC92703007C8CC8 /* Release */ = {
			isa = XCBuildConfiguration;
			baseConfigurationReference = 027396FC14C3AC782FE9EC15 /* Pods-PrettyDateTests.release.xcconfig */;
			buildSettings = {
				BUNDLE_LOADER = "$(TEST_HOST)";
				INFOPLIST_FILE = PrettyDateTests/Info.plist;
				LD_RUNPATH_SEARCH_PATHS = "$(inherited) @executable_path/Frameworks @loader_path/Frameworks";
				PRODUCT_BUNDLE_IDENTIFIER = com.sky.PrettyDateTests;
				PRODUCT_NAME = "$(TARGET_NAME)";
				SWIFT_VERSION = 3.0;
				TEST_HOST = "$(BUILT_PRODUCTS_DIR)/PrettyDate.app/PrettyDate";
			};
			name = Release;
		};
/* End XCBuildConfiguration section */

/* Begin XCConfigurationList section */
		7A15D5DF1DC9265B007C8CC8 /* Build configuration list for PBXProject "PrettyDate" */ = {
			isa = XCConfigurationList;
			buildConfigurations = (
				7A15D5F41DC9265B007C8CC8 /* Debug */,
				7A15D5F51DC9265B007C8CC8 /* Release */,
			);
			defaultConfigurationIsVisible = 0;
			defaultConfigurationName = Release;
		};
		7A15D5F61DC9265B007C8CC8 /* Build configuration list for PBXNativeTarget "PrettyDate" */ = {
			isa = XCConfigurationList;
			buildConfigurations = (
				7A15D5F71DC9265B007C8CC8 /* Debug */,
				7A15D5F81DC9265B007C8CC8 /* Release */,
			);
			defaultConfigurationIsVisible = 0;
			defaultConfigurationName = Release;
		};
		7A15D6091DC92703007C8CC8 /* Build configuration list for PBXNativeTarget "PrettyDateTests" */ = {
			isa = XCConfigurationList;
			buildConfigurations = (
				7A15D60A1DC92703007C8CC8 /* Debug */,
				7A15D60B1DC92703007C8CC8 /* Release */,
			);
			defaultConfigurationIsVisible = 0;
			defaultConfigurationName = Release;
		};
/* End XCConfigurationList section */
	};
	rootObject = 7A15D5DC1DC9265B007C8CC8 /* Project object */;
}
